// !$*UTF8*$!
{
	archiveVersion = 1;
	classes = {
	};
	objectVersion = 46;
	objects = {

/* Begin PBXBuildFile section */
		EBCFF10614E6FEED00389E38 /* UIKit.framework in Frameworks */ = {isa = PBXBuildFile; fileRef = EBCFF10514E6FEED00389E38 /* UIKit.framework */; };
		EBCFF10814E6FEED00389E38 /* Foundation.framework in Frameworks */ = {isa = PBXBuildFile; fileRef = EBCFF10714E6FEED00389E38 /* Foundation.framework */; };
		EBCFF10A14E6FEED00389E38 /* CoreGraphics.framework in Frameworks */ = {isa = PBXBuildFile; fileRef = EBCFF10914E6FEED00389E38 /* CoreGraphics.framework */; };
		EBCFF11014E6FEED00389E38 /* InfoPlist.strings in Resources */ = {isa = PBXBuildFile; fileRef = EBCFF10E14E6FEED00389E38 /* InfoPlist.strings */; };
		EBCFF11214E6FEED00389E38 /* main.m in Sources */ = {isa = PBXBuildFile; fileRef = EBCFF11114E6FEED00389E38 /* main.m */; };
		EBCFF11614E6FEED00389E38 /* AppDelegate.m in Sources */ = {isa = PBXBuildFile; fileRef = EBCFF11514E6FEED00389E38 /* AppDelegate.m */; };
		EBCFF11F14E6FF3600389E38 /* Course.m in Sources */ = {isa = PBXBuildFile; fileRef = EBCFF11E14E6FF3600389E38 /* Course.m */; };
		EBCFF15514E7020500389E38 /* libRestKit.a in Frameworks */ = {isa = PBXBuildFile; fileRef = EBCFF14C14E7019500389E38 /* libRestKit.a */; };
		EBCFF15714E7021E00389E38 /* CFNetwork.framework in Frameworks */ = {isa = PBXBuildFile; fileRef = EBCFF15614E7021E00389E38 /* CFNetwork.framework */; };
		EBCFF15914E7022900389E38 /* CoreData.framework in Frameworks */ = {isa = PBXBuildFile; fileRef = EBCFF15814E7022900389E38 /* CoreData.framework */; };
		EBCFF15B14E7023500389E38 /* MobileCoreServices.framework in Frameworks */ = {isa = PBXBuildFile; fileRef = EBCFF15A14E7023500389E38 /* MobileCoreServices.framework */; };
		EBCFF15D14E7023F00389E38 /* Security.framework in Frameworks */ = {isa = PBXBuildFile; fileRef = EBCFF15C14E7023F00389E38 /* Security.framework */; };
		EBCFF15F14E7024800389E38 /* SystemConfiguration.framework in Frameworks */ = {isa = PBXBuildFile; fileRef = EBCFF15E14E7024800389E38 /* SystemConfiguration.framework */; };
		EBCFF16114E7025400389E38 /* libxml2.dylib in Frameworks */ = {isa = PBXBuildFile; fileRef = EBCFF16014E7025400389E38 /* libxml2.dylib */; };
		EBCFF16414E7032D00389E38 /* CoursesTableViewController.m in Sources */ = {isa = PBXBuildFile; fileRef = EBCFF16314E7032D00389E38 /* CoursesTableViewController.m */; };
		EBCFF16614E706EC00389E38 /* MainStoryboard.storyboard in Resources */ = {isa = PBXBuildFile; fileRef = EBCFF16514E706EC00389E38 /* MainStoryboard.storyboard */; };
		EBCFF16914E73CF300389E38 /* AddCourseViewController.m in Sources */ = {isa = PBXBuildFile; fileRef = EBCFF16814E73CF200389E38 /* AddCourseViewController.m */; };
/* End PBXBuildFile section */

/* Begin PBXContainerItemProxy section */
		EBCFF14B14E7019500389E38 /* PBXContainerItemProxy */ = {
			isa = PBXContainerItemProxy;
			containerPortal = EBCFF14114E7019400389E38 /* RestKit.xcodeproj */;
			proxyType = 2;
			remoteGlobalIDString = 25160D1614564E810060A5C5;
			remoteInfo = RestKit;
		};
		EBCFF14D14E7019500389E38 /* PBXContainerItemProxy */ = {
			isa = PBXContainerItemProxy;
			containerPortal = EBCFF14114E7019400389E38 /* RestKit.xcodeproj */;
			proxyType = 2;
			remoteGlobalIDString = 25160D2614564E820060A5C5;
			remoteInfo = RestKitTests;
		};
		EBCFF14F14E7019500389E38 /* PBXContainerItemProxy */ = {
			isa = PBXContainerItemProxy;
			containerPortal = EBCFF14114E7019400389E38 /* RestKit.xcodeproj */;
			proxyType = 2;
			remoteGlobalIDString = 25160E62145651060060A5C5;
			remoteInfo = RestKitFramework;
		};
		EBCFF15114E7019500389E38 /* PBXContainerItemProxy */ = {
			isa = PBXContainerItemProxy;
			containerPortal = EBCFF14114E7019400389E38 /* RestKit.xcodeproj */;
			proxyType = 2;
			remoteGlobalIDString = 25160E78145651060060A5C5;
			remoteInfo = RestKitFrameworkTests;
		};
		EBCFF15314E701EF00389E38 /* PBXContainerItemProxy */ = {
			isa = PBXContainerItemProxy;
			containerPortal = EBCFF14114E7019400389E38 /* RestKit.xcodeproj */;
			proxyType = 1;
			remoteGlobalIDString = 25160D1514564E810060A5C5;
			remoteInfo = RestKit;
		};
/* End PBXContainerItemProxy section */

/* Begin PBXFileReference section */
		EBCFF10114E6FEED00389E38 /* iSchoolManager.app */ = {isa = PBXFileReference; explicitFileType = wrapper.application; includeInIndex = 0; path = iSchoolManager.app; sourceTree = BUILT_PRODUCTS_DIR; };
		EBCFF10514E6FEED00389E38 /* UIKit.framework */ = {isa = PBXFileReference; lastKnownFileType = wrapper.framework; name = UIKit.framework; path = System/Library/Frameworks/UIKit.framework; sourceTree = SDKROOT; };
		EBCFF10714E6FEED00389E38 /* Foundation.framework */ = {isa = PBXFileReference; lastKnownFileType = wrapper.framework; name = Foundation.framework; path = System/Library/Frameworks/Foundation.framework; sourceTree = SDKROOT; };
		EBCFF10914E6FEED00389E38 /* CoreGraphics.framework */ = {isa = PBXFileReference; lastKnownFileType = wrapper.framework; name = CoreGraphics.framework; path = System/Library/Frameworks/CoreGraphics.framework; sourceTree = SDKROOT; };
		EBCFF10D14E6FEED00389E38 /* iSchoolManager-Info.plist */ = {isa = PBXFileReference; lastKnownFileType = text.plist.xml; path = "iSchoolManager-Info.plist"; sourceTree = "<group>"; };
		EBCFF10F14E6FEED00389E38 /* en */ = {isa = PBXFileReference; lastKnownFileType = text.plist.strings; name = en; path = en.lproj/InfoPlist.strings; sourceTree = "<group>"; };
		EBCFF11114E6FEED00389E38 /* main.m */ = {isa = PBXFileReference; lastKnownFileType = sourcecode.c.objc; path = main.m; sourceTree = "<group>"; };
		EBCFF11314E6FEED00389E38 /* iSchoolManager-Prefix.pch */ = {isa = PBXFileReference; lastKnownFileType = sourcecode.c.h; path = "iSchoolManager-Prefix.pch"; sourceTree = "<group>"; };
		EBCFF11414E6FEED00389E38 /* AppDelegate.h */ = {isa = PBXFileReference; lastKnownFileType = sourcecode.c.h; path = AppDelegate.h; sourceTree = "<group>"; };
		EBCFF11514E6FEED00389E38 /* AppDelegate.m */ = {isa = PBXFileReference; lastKnownFileType = sourcecode.c.objc; path = AppDelegate.m; sourceTree = "<group>"; };
		EBCFF11D14E6FF3600389E38 /* Course.h */ = {isa = PBXFileReference; fileEncoding = 4; lastKnownFileType = sourcecode.c.h; path = Course.h; sourceTree = "<group>"; };
		EBCFF11E14E6FF3600389E38 /* Course.m */ = {isa = PBXFileReference; fileEncoding = 4; lastKnownFileType = sourcecode.c.objc; path = Course.m; sourceTree = "<group>"; };
		EBCFF14114E7019400389E38 /* RestKit.xcodeproj */ = {isa = PBXFileReference; lastKnownFileType = "wrapper.pb-project"; name = RestKit.xcodeproj; path = RestKit/RestKit.xcodeproj; sourceTree = "<group>"; };
		EBCFF15614E7021E00389E38 /* CFNetwork.framework */ = {isa = PBXFileReference; lastKnownFileType = wrapper.framework; name = CFNetwork.framework; path = System/Library/Frameworks/CFNetwork.framework; sourceTree = SDKROOT; };
		EBCFF15814E7022900389E38 /* CoreData.framework */ = {isa = PBXFileReference; lastKnownFileType = wrapper.framework; name = CoreData.framework; path = System/Library/Frameworks/CoreData.framework; sourceTree = SDKROOT; };
		EBCFF15A14E7023500389E38 /* MobileCoreServices.framework */ = {isa = PBXFileReference; lastKnownFileType = wrapper.framework; name = MobileCoreServices.framework; path = System/Library/Frameworks/MobileCoreServices.framework; sourceTree = SDKROOT; };
		EBCFF15C14E7023F00389E38 /* Security.framework */ = {isa = PBXFileReference; lastKnownFileType = wrapper.framework; name = Security.framework; path = System/Library/Frameworks/Security.framework; sourceTree = SDKROOT; };
		EBCFF15E14E7024800389E38 /* SystemConfiguration.framework */ = {isa = PBXFileReference; lastKnownFileType = wrapper.framework; name = SystemConfiguration.framework; path = System/Library/Frameworks/SystemConfiguration.framework; sourceTree = SDKROOT; };
		EBCFF16014E7025400389E38 /* libxml2.dylib */ = {isa = PBXFileReference; lastKnownFileType = "compiled.mach-o.dylib"; name = libxml2.dylib; path = usr/lib/libxml2.dylib; sourceTree = SDKROOT; };
		EBCFF16214E7032D00389E38 /* CoursesTableViewController.h */ = {isa = PBXFileReference; fileEncoding = 4; lastKnownFileType = sourcecode.c.h; path = CoursesTableViewController.h; sourceTree = "<group>"; };
		EBCFF16314E7032D00389E38 /* CoursesTableViewController.m */ = {isa = PBXFileReference; fileEncoding = 4; lastKnownFileType = sourcecode.c.objc; path = CoursesTableViewController.m; sourceTree = "<group>"; };
		EBCFF16514E706EC00389E38 /* MainStoryboard.storyboard */ = {isa = PBXFileReference; fileEncoding = 4; lastKnownFileType = file.storyboard; path = MainStoryboard.storyboard; sourceTree = "<group>"; };
		EBCFF16714E73CF200389E38 /* AddCourseViewController.h */ = {isa = PBXFileReference; fileEncoding = 4; lastKnownFileType = sourcecode.c.h; path = AddCourseViewController.h; sourceTree = "<group>"; };
		EBCFF16814E73CF200389E38 /* AddCourseViewController.m */ = {isa = PBXFileReference; fileEncoding = 4; lastKnownFileType = sourcecode.c.objc; path = AddCourseViewController.m; sourceTree = "<group>"; };
/* End PBXFileReference section */

/* Begin PBXFrameworksBuildPhase section */
		EBCFF0FE14E6FEED00389E38 /* Frameworks */ = {
			isa = PBXFrameworksBuildPhase;
			buildActionMask = 2147483647;
			files = (
				EBCFF16114E7025400389E38 /* libxml2.dylib in Frameworks */,
				EBCFF15F14E7024800389E38 /* SystemConfiguration.framework in Frameworks */,
				EBCFF15D14E7023F00389E38 /* Security.framework in Frameworks */,
				EBCFF15B14E7023500389E38 /* MobileCoreServices.framework in Frameworks */,
				EBCFF15914E7022900389E38 /* CoreData.framework in Frameworks */,
				EBCFF15714E7021E00389E38 /* CFNetwork.framework in Frameworks */,
				EBCFF15514E7020500389E38 /* libRestKit.a in Frameworks */,
				EBCFF10614E6FEED00389E38 /* UIKit.framework in Frameworks */,
				EBCFF10814E6FEED00389E38 /* Foundation.framework in Frameworks */,
				EBCFF10A14E6FEED00389E38 /* CoreGraphics.framework in Frameworks */,
			);
			runOnlyForDeploymentPostprocessing = 0;
		};
/* End PBXFrameworksBuildPhase section */

/* Begin PBXGroup section */
		EBCFF0F614E6FEED00389E38 = {
			isa = PBXGroup;
			children = (
				EBCFF14114E7019400389E38 /* RestKit.xcodeproj */,
				EBCFF10B14E6FEED00389E38 /* iSchoolManager */,
				EBCFF10414E6FEED00389E38 /* Frameworks */,
				EBCFF10214E6FEED00389E38 /* Products */,
			);
			sourceTree = "<group>";
		};
		EBCFF10214E6FEED00389E38 /* Products */ = {
			isa = PBXGroup;
			children = (
				EBCFF10114E6FEED00389E38 /* iSchoolManager.app */,
			);
			name = Products;
			sourceTree = "<group>";
		};
		EBCFF10414E6FEED00389E38 /* Frameworks */ = {
			isa = PBXGroup;
			children = (
				EBCFF16014E7025400389E38 /* libxml2.dylib */,
				EBCFF15E14E7024800389E38 /* SystemConfiguration.framework */,
				EBCFF15C14E7023F00389E38 /* Security.framework */,
				EBCFF15A14E7023500389E38 /* MobileCoreServices.framework */,
				EBCFF15814E7022900389E38 /* CoreData.framework */,
				EBCFF15614E7021E00389E38 /* CFNetwork.framework */,
				EBCFF10514E6FEED00389E38 /* UIKit.framework */,
				EBCFF10714E6FEED00389E38 /* Foundation.framework */,
				EBCFF10914E6FEED00389E38 /* CoreGraphics.framework */,
			);
			name = Frameworks;
			sourceTree = "<group>";
		};
		EBCFF10B14E6FEED00389E38 /* iSchoolManager */ = {
			isa = PBXGroup;
			children = (
				EBCFF11C14E6FF0500389E38 /* Models */,
				EBCFF11414E6FEED00389E38 /* AppDelegate.h */,
				EBCFF11514E6FEED00389E38 /* AppDelegate.m */,
				EBCFF10C14E6FEED00389E38 /* Supporting Files */,
				EBCFF16514E706EC00389E38 /* MainStoryboard.storyboard */,
				EBCFF16214E7032D00389E38 /* CoursesTableViewController.h */,
				EBCFF16314E7032D00389E38 /* CoursesTableViewController.m */,
				EBCFF16714E73CF200389E38 /* AddCourseViewController.h */,
				EBCFF16814E73CF200389E38 /* AddCourseViewController.m */,
			);
			path = iSchoolManager;
			sourceTree = "<group>";
		};
		EBCFF10C14E6FEED00389E38 /* Supporting Files */ = {
			isa = PBXGroup;
			children = (
				EBCFF10D14E6FEED00389E38 /* iSchoolManager-Info.plist */,
				EBCFF10E14E6FEED00389E38 /* InfoPlist.strings */,
				EBCFF11114E6FEED00389E38 /* main.m */,
				EBCFF11314E6FEED00389E38 /* iSchoolManager-Prefix.pch */,
			);
			name = "Supporting Files";
			sourceTree = "<group>";
		};
		EBCFF11C14E6FF0500389E38 /* Models */ = {
			isa = PBXGroup;
			children = (
				EBCFF11D14E6FF3600389E38 /* Course.h */,
				EBCFF11E14E6FF3600389E38 /* Course.m */,
			);
			name = Models;
			sourceTree = "<group>";
		};
		EBCFF14214E7019400389E38 /* Products */ = {
			isa = PBXGroup;
			children = (
				EBCFF14C14E7019500389E38 /* libRestKit.a */,
				EBCFF14E14E7019500389E38 /* RestKitTests.octest */,
				EBCFF15014E7019500389E38 /* RestKit.framework */,
				EBCFF15214E7019500389E38 /* RestKitFrameworkTests.octest */,
			);
			name = Products;
			sourceTree = "<group>";
		};
/* End PBXGroup section */

/* Begin PBXNativeTarget section */
		EBCFF10014E6FEED00389E38 /* iSchoolManager */ = {
			isa = PBXNativeTarget;
			buildConfigurationList = EBCFF11914E6FEED00389E38 /* Build configuration list for PBXNativeTarget "iSchoolManager" */;
			buildPhases = (
				EBCFF0FD14E6FEED00389E38 /* Sources */,
				EBCFF0FE14E6FEED00389E38 /* Frameworks */,
				EBCFF0FF14E6FEED00389E38 /* Resources */,
			);
			buildRules = (
			);
			dependencies = (
				EBCFF15414E701EF00389E38 /* PBXTargetDependency */,
			);
			name = iSchoolManager;
			productName = iSchoolManager;
			productReference = EBCFF10114E6FEED00389E38 /* iSchoolManager.app */;
			productType = "com.apple.product-type.application";
		};
/* End PBXNativeTarget section */

/* Begin PBXProject section */
		EBCFF0F814E6FEED00389E38 /* Project object */ = {
			isa = PBXProject;
			attributes = {
				LastUpgradeCheck = 0420;
				ORGANIZATIONNAME = NASA;
			};
			buildConfigurationList = EBCFF0FB14E6FEED00389E38 /* Build configuration list for PBXProject "iSchoolManager" */;
			compatibilityVersion = "Xcode 3.2";
			developmentRegion = English;
			hasScannedForEncodings = 0;
			knownRegions = (
				en,
			);
			mainGroup = EBCFF0F614E6FEED00389E38;
			productRefGroup = EBCFF10214E6FEED00389E38 /* Products */;
			projectDirPath = "";
			projectReferences = (
				{
					ProductGroup = EBCFF14214E7019400389E38 /* Products */;
					ProjectRef = EBCFF14114E7019400389E38 /* RestKit.xcodeproj */;
				},
			);
			projectRoot = "";
			targets = (
				EBCFF10014E6FEED00389E38 /* iSchoolManager */,
			);
		};
/* End PBXProject section */

/* Begin PBXReferenceProxy section */
		EBCFF14C14E7019500389E38 /* libRestKit.a */ = {
			isa = PBXReferenceProxy;
			fileType = archive.ar;
			path = libRestKit.a;
			remoteRef = EBCFF14B14E7019500389E38 /* PBXContainerItemProxy */;
			sourceTree = BUILT_PRODUCTS_DIR;
		};
		EBCFF14E14E7019500389E38 /* RestKitTests.octest */ = {
			isa = PBXReferenceProxy;
			fileType = wrapper.cfbundle;
			path = RestKitTests.octest;
			remoteRef = EBCFF14D14E7019500389E38 /* PBXContainerItemProxy */;
			sourceTree = BUILT_PRODUCTS_DIR;
		};
		EBCFF15014E7019500389E38 /* RestKit.framework */ = {
			isa = PBXReferenceProxy;
			fileType = wrapper.framework;
			path = RestKit.framework;
			remoteRef = EBCFF14F14E7019500389E38 /* PBXContainerItemProxy */;
			sourceTree = BUILT_PRODUCTS_DIR;
		};
		EBCFF15214E7019500389E38 /* RestKitFrameworkTests.octest */ = {
			isa = PBXReferenceProxy;
			fileType = wrapper.cfbundle;
			path = RestKitFrameworkTests.octest;
			remoteRef = EBCFF15114E7019500389E38 /* PBXContainerItemProxy */;
			sourceTree = BUILT_PRODUCTS_DIR;
		};
/* End PBXReferenceProxy section */

/* Begin PBXResourcesBuildPhase section */
		EBCFF0FF14E6FEED00389E38 /* Resources */ = {
			isa = PBXResourcesBuildPhase;
			buildActionMask = 2147483647;
			files = (
				EBCFF11014E6FEED00389E38 /* InfoPlist.strings in Resources */,
				EBCFF16614E706EC00389E38 /* MainStoryboard.storyboard in Resources */,
			);
			runOnlyForDeploymentPostprocessing = 0;
		};
/* End PBXResourcesBuildPhase section */

/* Begin PBXSourcesBuildPhase section */
		EBCFF0FD14E6FEED00389E38 /* Sources */ = {
			isa = PBXSourcesBuildPhase;
			buildActionMask = 2147483647;
			files = (
				EBCFF11214E6FEED00389E38 /* main.m in Sources */,
				EBCFF11614E6FEED00389E38 /* AppDelegate.m in Sources */,
				EBCFF11F14E6FF3600389E38 /* Course.m in Sources */,
				EBCFF16414E7032D00389E38 /* CoursesTableViewController.m in Sources */,
				EBCFF16914E73CF300389E38 /* AddCourseViewController.m in Sources */,
			);
			runOnlyForDeploymentPostprocessing = 0;
		};
/* End PBXSourcesBuildPhase section */

/* Begin PBXTargetDependency section */
		EBCFF15414E701EF00389E38 /* PBXTargetDependency */ = {
			isa = PBXTargetDependency;
			name = RestKit;
			targetProxy = EBCFF15314E701EF00389E38 /* PBXContainerItemProxy */;
		};
/* End PBXTargetDependency section */

/* Begin PBXVariantGroup section */
		EBCFF10E14E6FEED00389E38 /* InfoPlist.strings */ = {
			isa = PBXVariantGroup;
			children = (
				EBCFF10F14E6FEED00389E38 /* en */,
			);
			name = InfoPlist.strings;
			sourceTree = "<group>";
		};
/* End PBXVariantGroup section */

/* Begin XCBuildConfiguration section */
		EBCFF11714E6FEED00389E38 /* Debug */ = {
			isa = XCBuildConfiguration;
			buildSettings = {
				ALWAYS_SEARCH_USER_PATHS = NO;
				ARCHS = "$(ARCHS_STANDARD_32_BIT)";
				CLANG_ENABLE_OBJC_ARC = YES;
				"CODE_SIGN_IDENTITY[sdk=iphoneos*]" = "iPhone Developer";
				COPY_PHASE_STRIP = NO;
				GCC_C_LANGUAGE_STANDARD = gnu99;
				GCC_DYNAMIC_NO_PIC = NO;
				GCC_OPTIMIZATION_LEVEL = 0;
				GCC_PREPROCESSOR_DEFINITIONS = (
					"DEBUG=1",
					"$(inherited)",
				);
				GCC_SYMBOLS_PRIVATE_EXTERN = NO;
				GCC_VERSION = com.apple.compilers.llvm.clang.1_0;
				GCC_WARN_ABOUT_MISSING_PROTOTYPES = YES;
				GCC_WARN_ABOUT_RETURN_TYPE = YES;
				GCC_WARN_UNUSED_VARIABLE = YES;
				IPHONEOS_DEPLOYMENT_TARGET = 5.0;
				SDKROOT = iphoneos;
			};
			name = Debug;
		};
		EBCFF11814E6FEED00389E38 /* Release */ = {
			isa = XCBuildConfiguration;
			buildSettings = {
				ALWAYS_SEARCH_USER_PATHS = NO;
				ARCHS = "$(ARCHS_STANDARD_32_BIT)";
				CLANG_ENABLE_OBJC_ARC = YES;
				"CODE_SIGN_IDENTITY[sdk=iphoneos*]" = "iPhone Developer";
				COPY_PHASE_STRIP = YES;
				GCC_C_LANGUAGE_STANDARD = gnu99;
				GCC_VERSION = com.apple.compilers.llvm.clang.1_0;
				GCC_WARN_ABOUT_MISSING_PROTOTYPES = YES;
				GCC_WARN_ABOUT_RETURN_TYPE = YES;
				GCC_WARN_UNUSED_VARIABLE = YES;
				IPHONEOS_DEPLOYMENT_TARGET = 5.0;
				OTHER_CFLAGS = "-DNS_BLOCK_ASSERTIONS=1";
				SDKROOT = iphoneos;
				VALIDATE_PRODUCT = YES;
			};
			name = Release;
		};
		EBCFF11A14E6FEED00389E38 /* Debug */ = {
			isa = XCBuildConfiguration;
			buildSettings = {
				GCC_PRECOMPILE_PREFIX_HEADER = YES;
				GCC_PREFIX_HEADER = "iSchoolManager/iSchoolManager-Prefix.pch";
				HEADER_SEARCH_PATHS = "\"$(SOURCE_ROOT)/RestKit/Build\"";
				INFOPLIST_FILE = "iSchoolManager/iSchoolManager-Info.plist";
				OTHER_LDFLAGS = (
					"-ObjC",
					"-all_load",
				);
				PRODUCT_NAME = "$(TARGET_NAME)";
				WRAPPER_EXTENSION = app;
			};
			name = Debug;
		};
		EBCFF11B14E6FEED00389E38 /* Release */ = {
			isa = XCBuildConfiguration;
			buildSettings = {
				GCC_PRECOMPILE_PREFIX_HEADER = YES;
				GCC_PREFIX_HEADER = "iSchoolManager/iSchoolManager-Prefix.pch";
				HEADER_SEARCH_PATHS = "\"$(SOURCE_ROOT)/RestKit/Build\"";
				INFOPLIST_FILE = "iSchoolManager/iSchoolManager-Info.plist";
				OTHER_LDFLAGS = (
					"-ObjC",
					"-all_load",
				);
				PRODUCT_NAME = "$(TARGET_NAME)";
				WRAPPER_EXTENSION = app;
			};
			name = Release;
		};
/* End XCBuildConfiguration section */

/* Begin XCConfigurationList section */
		EBCFF0FB14E6FEED00389E38 /* Build configuration list for PBXProject "iSchoolManager" */ = {
			isa = XCConfigurationList;
			buildConfigurations = (
				EBCFF11714E6FEED00389E38 /* Debug */,
				EBCFF11814E6FEED00389E38 /* Release */,
			);
			defaultConfigurationIsVisible = 0;
			defaultConfigurationName = Release;
		};
		EBCFF11914E6FEED00389E38 /* Build configuration list for PBXNativeTarget "iSchoolManager" */ = {
			isa = XCConfigurationList;
			buildConfigurations = (
				EBCFF11A14E6FEED00389E38 /* Debug */,
				EBCFF11B14E6FEED00389E38 /* Release */,
			);
			defaultConfigurationIsVisible = 0;
			defaultConfigurationName = Release;
		};
/* End XCConfigurationList section */
	};
	rootObject = EBCFF0F814E6FEED00389E38 /* Project object */;
}
